
Microsoft Visual Studio Solution File, Format Version 12.00
# Visual Studio 15
VisualStudioVersion = 15.0.27703.2026
MinimumVisualStudioVersion = 10.0.40219.1
Project("{FAE04EC0-301F-11D3-BF4B-00C04F79EFBC}") = "SocialNetwork.Core", "SocialNetwork.Core\SocialNetwork.Core.csproj", "{C7CC7642-F12E-4370-9DA2-8CE6CAFCC678}"
EndProject
Project("{FAE04EC0-301F-11D3-BF4B-00C04F79EFBC}") = "SocialNetwork.DataAccess", "SocialNetwork.DataAccess\SocialNetwork.DataAccess.csproj", "{C1D5C64C-EE41-4D7B-8764-04BBBC66C270}"
EndProject
Project("{FAE04EC0-301F-11D3-BF4B-00C04F79EFBC}") = "SocialNetwork.Api", "SocialNetwork.Api\SocialNetwork.Api.csproj", "{7381EAC7-75E3-4A2E-B834-84FDC3A0B06E}"
EndProject
Project("{FAE04EC0-301F-11D3-BF4B-00C04F79EFBC}") = "SocialNetwork.Web", "SocialNetwork.Web\SocialNetwork.Web.csproj", "{650BF57D-5AD3-463B-B6B8-89C6A1A38D61}"
EndProject
Project("{FAE04EC0-301F-11D3-BF4B-00C04F79EFBC}") = "AzureStorageService", "AzureStorageService\AzureStorageService.csproj", "{3658F984-6D7C-4CB0-BCF4-5DB2D468E2B7}"
EndProject
Project("{FAE04EC0-301F-11D3-BF4B-00C04F79EFBC}") = "SocialNetwork.ApiCountries", "SocialNetwork.ApiCountries\SocialNetwork.ApiCountries.csproj", "{AD7F19FB-49FD-4F56-92CD-3160E1432B64}"
EndProject
Global
	GlobalSection(SolutionConfigurationPlatforms) = preSolution
		Debug|Any CPU = Debug|Any CPU
		Release|Any CPU = Release|Any CPU
	EndGlobalSection
	GlobalSection(ProjectConfigurationPlatforms) = postSolution
		{C7CC7642-F12E-4370-9DA2-8CE6CAFCC678}.Debug|Any CPU.ActiveCfg = Debug|Any CPU
		{C7CC7642-F12E-4370-9DA2-8CE6CAFCC678}.Debug|Any CPU.Build.0 = Debug|Any CPU
		{C7CC7642-F12E-4370-9DA2-8CE6CAFCC678}.Release|Any CPU.ActiveCfg = Release|Any CPU
		{C7CC7642-F12E-4370-9DA2-8CE6CAFCC678}.Release|Any CPU.Build.0 = Release|Any CPU
		{C1D5C64C-EE41-4D7B-8764-04BBBC66C270}.Debug|Any CPU.ActiveCfg = Debug|Any CPU
		{C1D5C64C-EE41-4D7B-8764-04BBBC66C270}.Debug|Any CPU.Build.0 = Debug|Any CPU
		{C1D5C64C-EE41-4D7B-8764-04BBBC66C270}.Release|Any CPU.ActiveCfg = Release|Any CPU
		{C1D5C64C-EE41-4D7B-8764-04BBBC66C270}.Release|Any CPU.Build.0 = Release|Any CPU
		{7381EAC7-75E3-4A2E-B834-84FDC3A0B06E}.Debug|Any CPU.ActiveCfg = Debug|Any CPU
		{7381EAC7-75E3-4A2E-B834-84FDC3A0B06E}.Debug|Any CPU.Build.0 = Debug|Any CPU
		{7381EAC7-75E3-4A2E-B834-84FDC3A0B06E}.Release|Any CPU.ActiveCfg = Release|Any CPU
		{7381EAC7-75E3-4A2E-B834-84FDC3A0B06E}.Release|Any CPU.Build.0 = Release|Any CPU
		{650BF57D-5AD3-463B-B6B8-89C6A1A38D61}.Debug|Any CPU.ActiveCfg = Debug|Any CPU
		{650BF57D-5AD3-463B-B6B8-89C6A1A38D61}.Debug|Any CPU.Build.0 = Debug|Any CPU
		{650BF57D-5AD3-463B-B6B8-89C6A1A38D61}.Release|Any CPU.ActiveCfg = Release|Any CPU
		{650BF57D-5AD3-463B-B6B8-89C6A1A38D61}.Release|Any CPU.Build.0 = Release|Any CPU
		{3658F984-6D7C-4CB0-BCF4-5DB2D468E2B7}.Debug|Any CPU.ActiveCfg = Debug|Any CPU
		{3658F984-6D7C-4CB0-BCF4-5DB2D468E2B7}.Debug|Any CPU.Build.0 = Debug|Any CPU
		{3658F984-6D7C-4CB0-BCF4-5DB2D468E2B7}.Release|Any CPU.ActiveCfg = Release|Any CPU
		{3658F984-6D7C-4CB0-BCF4-5DB2D468E2B7}.Release|Any CPU.Build.0 = Release|Any CPU
		{AD7F19FB-49FD-4F56-92CD-3160E1432B64}.Debug|Any CPU.ActiveCfg = Debug|Any CPU
		{AD7F19FB-49FD-4F56-92CD-3160E1432B64}.Debug|Any CPU.Build.0 = Debug|Any CPU
		{AD7F19FB-49FD-4F56-92CD-3160E1432B64}.Release|Any CPU.ActiveCfg = Release|Any CPU
		{AD7F19FB-49FD-4F56-92CD-3160E1432B64}.Release|Any CPU.Build.0 = Release|Any CPU
	EndGlobalSection
	GlobalSection(SolutionProperties) = preSolution
		HideSolutionNode = FALSE
	EndGlobalSection
	GlobalSection(ExtensibilityGlobals) = postSolution
		SolutionGuid = {3BECD4E1-7C7E-4C88-B23E-B8F9A14F3C8F}
	EndGlobalSection
EndGlobal
